{
  "name": "install-yb-action",
  "version": "0.1.0",
  "lockfileVersion": 1,
  "requires": true,
  "dependencies": {
    "@actions/core": {
      "version": "1.6.0",
      "resolved": "https://registry.npmjs.org/@actions/core/-/core-1.6.0.tgz",
      "integrity": "sha512-NB1UAZomZlCV/LmJqkLhNTqtKfFXJZAUPcfl/zqG7EfsQdeUJtaWO98SGbuQ3pydJ3fHl2CvI/51OKYlCYYcaw==",
      "requires": {
        "@actions/http-client": "^1.0.11"
      }
    },
    "@actions/github": {
      "version": "5.0.0",
      "resolved": "https://registry.npmjs.org/@actions/github/-/github-5.0.0.tgz",
      "integrity": "sha512-QvE9eAAfEsS+yOOk0cylLBIO/d6WyWIOvsxxzdrPFaud39G6BOkUwScXZn1iBzQzHyu9SBkkLSWlohDWdsasAQ==",
      "requires": {
        "@actions/http-client": "^1.0.11",
        "@octokit/core": "^3.4.0",
        "@octokit/plugin-paginate-rest": "^2.13.3",
        "@octokit/plugin-rest-endpoint-methods": "^5.1.1"
      }
    },
    "@actions/http-client": {
      "version": "1.0.11",
      "resolved": "https://registry.npmjs.org/@actions/http-client/-/http-client-1.0.11.tgz",
      "integrity": "sha512-VRYHGQV1rqnROJqdMvGUbY/Kn8vriQe/F9HR2AlYHzmKuM/p3kjNuXhmdBfcVgsvRWTz5C5XW5xvndZrVBuAYg==",
      "requires": {
        "tunnel": "0.0.6"
      }
    },
    "@octokit/auth-token": {
      "version": "2.4.5",
      "resolved": "https://registry.npmjs.org/@octokit/auth-token/-/auth-token-2.4.5.tgz",
      "integrity": "sha512-BpGYsPgJt05M7/L/5FoE1PiAbdxXFZkX/3kDYcsvd1v6UhlnE5e96dTDr0ezX/EFwciQxf3cNV0loipsURU+WA==",
      "requires": {
        "@octokit/types": "^6.0.3"
      }
    },
    "@octokit/core": {
      "version": "3.4.0",
      "resolved": "https://registry.npmjs.org/@octokit/core/-/core-3.4.0.tgz",
      "integrity": "sha512-6/vlKPP8NF17cgYXqucdshWqmMZGXkuvtcrWCgU5NOI0Pl2GjlmZyWgBMrU8zJ3v2MJlM6++CiB45VKYmhiWWg==",
      "requires": {
        "@octokit/auth-token": "^2.4.4",
        "@octokit/graphql": "^4.5.8",
        "@octokit/request": "^5.4.12",
        "@octokit/request-error": "^2.0.5",
        "@octokit/types": "^6.0.3",
        "before-after-hook": "^2.2.0",
        "universal-user-agent": "^6.0.0"
      }
    },
    "@octokit/endpoint": {
      "version": "6.0.11",
      "resolved": "https://registry.npmjs.org/@octokit/endpoint/-/endpoint-6.0.11.tgz",
      "integrity": "sha512-fUIPpx+pZyoLW4GCs3yMnlj2LfoXTWDUVPTC4V3MUEKZm48W+XYpeWSZCv+vYF1ZABUm2CqnDVf1sFtIYrj7KQ==",
      "requires": {
        "@octokit/types": "^6.0.3",
        "is-plain-object": "^5.0.0",
        "universal-user-agent": "^6.0.0"
      }
    },
    "@octokit/graphql": {
      "version": "4.6.1",
      "resolved": "https://registry.npmjs.org/@octokit/graphql/-/graphql-4.6.1.tgz",
      "integrity": "sha512-2lYlvf4YTDgZCTXTW4+OX+9WTLFtEUc6hGm4qM1nlZjzxj+arizM4aHWzBVBCxY9glh7GIs0WEuiSgbVzv8cmA==",
      "requires": {
        "@octokit/request": "^5.3.0",
        "@octokit/types": "^6.0.3",
        "universal-user-agent": "^6.0.0"
      }
    },
    "@octokit/openapi-types": {
      "version": "7.0.0",
      "resolved": "https://registry.npmjs.org/@octokit/openapi-types/-/openapi-types-7.0.0.tgz",
      "integrity": "sha512-gV/8DJhAL/04zjTI95a7FhQwS6jlEE0W/7xeYAzuArD0KVAVWDLP2f3vi98hs3HLTczxXdRK/mF0tRoQPpolEw=="
    },
    "@octokit/plugin-paginate-rest": {
      "version": "2.13.3",
      "resolved": "https://registry.npmjs.org/@octokit/plugin-paginate-rest/-/plugin-paginate-rest-2.13.3.tgz",
      "integrity": "sha512-46lptzM9lTeSmIBt/sVP/FLSTPGx6DCzAdSX3PfeJ3mTf4h9sGC26WpaQzMEq/Z44cOcmx8VsOhO+uEgE3cjYg==",
      "requires": {
        "@octokit/types": "^6.11.0"
      }
    },
    "@octokit/plugin-rest-endpoint-methods": {
      "version": "5.1.1",
      "resolved": "https://registry.npmjs.org/@octokit/plugin-rest-endpoint-methods/-/plugin-rest-endpoint-methods-5.1.1.tgz",
      "integrity": "sha512-u4zy0rVA8darm/AYsIeWkRalhQR99qPL1D/EXHejV2yaECMdHfxXiTXtba8NMBSajOJe8+C9g+EqMKSvysx0dg==",
      "requires": {
        "@octokit/types": "^6.14.1",
        "deprecation": "^2.3.1"
      }
    },
    "@octokit/request": {
      "version": "5.4.15",
      "resolved": "https://registry.npmjs.org/@octokit/request/-/request-5.4.15.tgz",
      "integrity": "sha512-6UnZfZzLwNhdLRreOtTkT9n57ZwulCve8q3IT/Z477vThu6snfdkBuhxnChpOKNGxcQ71ow561Qoa6uqLdPtag==",
      "requires": {
        "@octokit/endpoint": "^6.0.1",
        "@octokit/request-error": "^2.0.0",
        "@octokit/types": "^6.7.1",
        "is-plain-object": "^5.0.0",
        "node-fetch": "^2.6.1",
        "universal-user-agent": "^6.0.0"
      }
    },
    "@octokit/request-error": {
      "version": "2.0.5",
      "resolved": "https://registry.npmjs.org/@octokit/request-error/-/request-error-2.0.5.tgz",
      "integrity": "sha512-T/2wcCFyM7SkXzNoyVNWjyVlUwBvW3igM3Btr/eKYiPmucXTtkxt2RBsf6gn3LTzaLSLTQtNmvg+dGsOxQrjZg==",
      "requires": {
        "@octokit/types": "^6.0.3",
        "deprecation": "^2.0.0",
        "once": "^1.4.0"
      }
    },
    "@octokit/types": {
      "version": "6.14.2",
      "resolved": "https://registry.npmjs.org/@octokit/types/-/types-6.14.2.tgz",
      "integrity": "sha512-wiQtW9ZSy4OvgQ09iQOdyXYNN60GqjCL/UdMsepDr1Gr0QzpW6irIKbH3REuAHXAhxkEk9/F2a3Gcs1P6kW5jA==",
      "requires": {
        "@octokit/openapi-types": "^7.0.0"
      }
    },
    "@types/node": {
      "version": "12.20.4",
      "resolved": "https://registry.npmjs.org/@types/node/-/node-12.20.4.tgz",
      "integrity": "sha512-xRCgeE0Q4pT5UZ189TJ3SpYuX/QGl6QIAOAIeDSbAVAd2gX1NxSZup4jNVK7cxIeP8KDSbJgcckun495isP1jQ==",
      "dev": true
    },
    "before-after-hook": {
      "version": "2.2.1",
      "resolved": "https://registry.npmjs.org/before-after-hook/-/before-after-hook-2.2.1.tgz",
      "integrity": "sha512-/6FKxSTWoJdbsLDF8tdIjaRiFXiE6UHsEHE3OPI/cwPURCVi1ukP0gmLn7XWEiFk5TcwQjjY5PWsU+j+tgXgmw=="
    },
    "deprecation": {
      "version": "2.3.1",
      "resolved": "https://registry.npmjs.org/deprecation/-/deprecation-2.3.1.tgz",
      "integrity": "sha512-xmHIy4F3scKVwMsQ4WnVaS8bHOx0DmVwRywosKhaILI0ywMDWPtBSku2HNxRvF7jtwDRsoEwYQSfbxj8b7RlJQ=="
    },
    "esbuild": {
      "version": "0.14.34",
      "resolved": "https://registry.npmjs.org/esbuild/-/esbuild-0.14.34.tgz",
      "integrity": "sha512-QIWdPT/gFF6hCaf4m7kP0cJ+JIuFkdHibI7vVFvu3eJS1HpVmYHWDulyN5WXwbRA0SX/7ZDaJ/1DH8SdY9xOJg==",
      "requires": {
        "esbuild-android-64": "0.14.34",
        "esbuild-android-arm64": "0.14.34",
        "esbuild-darwin-64": "0.14.34",
        "esbuild-darwin-arm64": "0.14.34",
        "esbuild-freebsd-64": "0.14.34",
        "esbuild-freebsd-arm64": "0.14.34",
        "esbuild-linux-32": "0.14.34",
        "esbuild-linux-64": "0.14.34",
        "esbuild-linux-arm": "0.14.34",
        "esbuild-linux-arm64": "0.14.34",
        "esbuild-linux-mips64le": "0.14.34",
        "esbuild-linux-ppc64le": "0.14.34",
        "esbuild-linux-riscv64": "0.14.34",
        "esbuild-linux-s390x": "0.14.34",
        "esbuild-netbsd-64": "0.14.34",
        "esbuild-openbsd-64": "0.14.34",
        "esbuild-sunos-64": "0.14.34",
        "esbuild-windows-32": "0.14.34",
        "esbuild-windows-64": "0.14.34",
        "esbuild-windows-arm64": "0.14.34"
      }
    },
    "esbuild-android-64": {
      "version": "0.14.34",
      "resolved": "https://registry.npmjs.org/esbuild-android-64/-/esbuild-android-64-0.14.34.tgz",
      "integrity": "sha512-XfxcfJqmMYsT/LXqrptzFxmaR3GWzXHDLdFNIhm6S00zPaQF1TBBWm+9t0RZ6LRR7iwH57DPjaOeW20vMqI4Yw==",
      "optional": true
    },
    "esbuild-android-arm64": {
      "version": "0.14.34",
      "resolved": "https://registry.npmjs.org/esbuild-android-arm64/-/esbuild-android-arm64-0.14.34.tgz",
      "integrity": "sha512-T02+NXTmSRL1Mc6puz+R9CB54rSPICkXKq6+tw8B6vxZFnCPzbJxgwIX4kcluz9p8nYBjF3+lSilTGWb7+Xgew==",
      "optional": true
    },
    "esbuild-darwin-64": {
      "version": "0.14.34",
      "resolved": "https://registry.npmjs.org/esbuild-darwin-64/-/esbuild-darwin-64-0.14.34.tgz",
      "integrity": "sha512-pLRip2Bh4Ng7Bf6AMgCrSp3pPe/qZyf11h5Qo2mOfJqLWzSVjxrXW+CFRJfrOVP7TCnh/gmZSM2AFdCPB72vtw==",
      "optional": true
    },
    "esbuild-darwin-arm64": {
      "version": "0.14.34",
      "resolved": "https://registry.npmjs.org/esbuild-darwin-arm64/-/esbuild-darwin-arm64-0.14.34.tgz",
      "integrity": "sha512-vpidSJEBxx6lf1NWgXC+DCmGqesJuZ5Y8aQVVsaoO4i8tRXbXb0whChRvop/zd3nfNM4dIl5EXAky0knRX5I6w==",
      "optional": true
    },
    "esbuild-freebsd-64": {
      "version": "0.14.34",
      "resolved": "https://registry.npmjs.org/esbuild-freebsd-64/-/esbuild-freebsd-64-0.14.34.tgz",
      "integrity": "sha512-m0HBjePhe0hAQJgtMRMNV9kMgIyV4/qSnzPx42kRMQBcPhgjAq1JRu4Il26czC+9FgpMbFkUktb07f/Lwnc6CA==",
      "optional": true
    },
    "esbuild-freebsd-arm64": {
      "version": "0.14.34",
      "resolved": "https://registry.npmjs.org/esbuild-freebsd-arm64/-/esbuild-freebsd-arm64-0.14.34.tgz",
      "integrity": "sha512-cpRc2B94L1KvMPPYB4D6G39jLqpKlD3noAMY4/e86iXXXkhUYJJEtTuyNFTa9JRpWM0xCAp4mxjHjoIiLuoCLA==",
      "optional": true
    },
    "esbuild-linux-32": {
      "version": "0.14.34",
      "resolved": "https://registry.npmjs.org/esbuild-linux-32/-/esbuild-linux-32-0.14.34.tgz",
      "integrity": "sha512-8nQaEaoW7MH/K/RlozJa+lE1ejHIr8fuPIHhc513UebRav7HtXgQvxHQ6VZRUkWtep23M6dd7UqhwO1tMOfzQQ==",
      "optional": true
    },
    "esbuild-linux-64": {
      "version": "0.14.34",
      "resolved": "https://registry.npmjs.org/esbuild-linux-64/-/esbuild-linux-64-0.14.34.tgz",
      "integrity": "sha512-Y3of4qQoLLlAgf042MlrY1P+7PnN9zWj8nVtw9XQG5hcLOZLz7IKpU35oeu7n4wvyaZHwvQqDJ93gRLqdJekcQ==",
      "optional": true
    },
    "esbuild-linux-arm": {
      "version": "0.14.34",
      "resolved": "https://registry.npmjs.org/esbuild-linux-arm/-/esbuild-linux-arm-0.14.34.tgz",
      "integrity": "sha512-9lpq1NcJqssAF7alCO6zL3gvBVVt/lKw4oetUM7OgNnRX0OWpB+ZIO9FwCrSj/dMdmgDhPLf+119zB8QxSMmAg==",
      "optional": true
    },
    "esbuild-linux-arm64": {
      "version": "0.14.34",
      "resolved": "https://registry.npmjs.org/esbuild-linux-arm64/-/esbuild-linux-arm64-0.14.34.tgz",
      "integrity": "sha512-IlWaGtj9ir7+Nrume1DGcyzBDlK8GcnJq0ANKwcI9pVw8tqr+6GD0eqyF9SF1mR8UmAp+odrx1H5NdR2cHdFHA==",
      "optional": true
    },
    "esbuild-linux-mips64le": {
      "version": "0.14.34",
      "resolved": "https://registry.npmjs.org/esbuild-linux-mips64le/-/esbuild-linux-mips64le-0.14.34.tgz",
      "integrity": "sha512-k3or+01Rska1AjUyNjA4buEwB51eyN/xPQAoOx1CjzAQC3l8rpjUDw55kXyL63O/1MUi4ISvtNtl8gLwdyEcxw==",
      "optional": true
    },
    "esbuild-linux-ppc64le": {
      "version": "0.14.34",
      "resolved": "https://registry.npmjs.org/esbuild-linux-ppc64le/-/esbuild-linux-ppc64le-0.14.34.tgz",
      "integrity": "sha512-+qxb8M9FfM2CJaVU7GgYpJOHM1ngQOx+/VrtBjb4C8oVqaPcESCeg2anjl+HRZy8VpYc71q/iBYausPPbJ+Keg==",
      "optional": true
    },
    "esbuild-linux-riscv64": {
      "version": "0.14.34",
      "resolved": "https://registry.npmjs.org/esbuild-linux-riscv64/-/esbuild-linux-riscv64-0.14.34.tgz",
      "integrity": "sha512-Y717ltBdQ5j5sZIHdy1DV9kieo0wMip0dCmVSTceowCPYSn1Cg33Kd6981+F/3b9FDMzNWldZFOBRILViENZSA==",
      "optional": true
    },
    "esbuild-linux-s390x": {
      "version": "0.14.34",
      "resolved": "https://registry.npmjs.org/esbuild-linux-s390x/-/esbuild-linux-s390x-0.14.34.tgz",
      "integrity": "sha512-bDDgYO4LhL4+zPs+WcBkXph+AQoPcQRTv18FzZS0WhjfH8TZx2QqlVPGhmhZ6WidrY+jKthUqO6UhGyIb4MpmA==",
      "optional": true
    },
    "esbuild-netbsd-64": {
      "version": "0.14.34",
      "resolved": "https://registry.npmjs.org/esbuild-netbsd-64/-/esbuild-netbsd-64-0.14.34.tgz",
      "integrity": "sha512-cfaFGXdRt0+vHsjNPyF0POM4BVSHPSbhLPe8mppDc7GDDxjIl08mV1Zou14oDWMp/XZMjYN1kWYRSfftiD0vvQ==",
      "optional": true
    },
    "esbuild-openbsd-64": {
      "version": "0.14.34",
      "resolved": "https://registry.npmjs.org/esbuild-openbsd-64/-/esbuild-openbsd-64-0.14.34.tgz",
      "integrity": "sha512-vmy9DxXVnRiI14s8GKuYBtess+EVcDALkbpTqd5jw4XITutIzyB7n4x0Tj5utAkKsgZJB22lLWGekr0ABnSLow==",
      "optional": true
    },
    "esbuild-sunos-64": {
      "version": "0.14.34",
      "resolved": "https://registry.npmjs.org/esbuild-sunos-64/-/esbuild-sunos-64-0.14.34.tgz",
      "integrity": "sha512-eNPVatNET1F7tRMhii7goL/eptfxc0ALRjrj9SPFNqp0zmxrehBFD6BaP3R4LjMn6DbMO0jOAnTLFKr8NqcJAA==",
      "optional": true
    },
    "esbuild-windows-32": {
      "version": "0.14.34",
      "resolved": "https://registry.npmjs.org/esbuild-windows-32/-/esbuild-windows-32-0.14.34.tgz",
      "integrity": "sha512-EFhpXyHEcnqWYe2rAHFd8dRw8wkrd9U+9oqcyoEL84GbanAYjiiIjBZsnR8kl0sCQ5w6bLpk7vCEIA2VS32Vcg==",
      "optional": true
    },
    "esbuild-windows-64": {
      "version": "0.14.34",
      "resolved": "https://registry.npmjs.org/esbuild-windows-64/-/esbuild-windows-64-0.14.34.tgz",
      "integrity": "sha512-a8fbl8Ky7PxNEjf1aJmtxdDZj32/hC7S1OcA2ckEpCJRTjiKslI9vAdPpSjrKIWhws4Galpaawy0nB7fjHYf5Q==",
      "optional": true
    },
    "esbuild-windows-arm64": {
      "version": "0.14.34",
      "resolved": "https://registry.npmjs.org/esbuild-windows-arm64/-/esbuild-windows-arm64-0.14.34.tgz",
      "integrity": "sha512-EYvmKbSa2B3sPnpC28UEu9jBK5atGV4BaVRE7CYGUci2Hlz4AvtV/LML+TcDMT6gBgibnN2gcltWclab3UutMg==",
      "optional": true
    },
    "is-plain-object": {
      "version": "5.0.0",
      "resolved": "https://registry.npmjs.org/is-plain-object/-/is-plain-object-5.0.0.tgz",
      "integrity": "sha512-VRSzKkbMm5jMDoKLbltAkFQ5Qr7VDiTFGXxYFXXowVj387GeGNOCsOH6Msy00SGZ3Fp84b1Naa1psqgcCIEP5Q=="
    },
    "node-fetch": {
      "version": "2.6.1",
      "resolved": "https://registry.npmjs.org/node-fetch/-/node-fetch-2.6.1.tgz",
      "integrity": "sha512-V4aYg89jEoVRxRb2fJdAg8FHvI7cEyYdVAh94HH0UIK8oJxUfkjlDQN9RbMx+bEjP7+ggMiFRprSti032Oipxw=="
    },
    "once": {
      "version": "1.4.0",
      "resolved": "https://registry.npmjs.org/once/-/once-1.4.0.tgz",
      "integrity": "sha1-WDsap3WWHUsROsF9nFC6753Xa9E=",
      "requires": {
        "wrappy": "1"
      }
    },
    "tunnel": {
      "version": "0.0.6",
      "resolved": "https://registry.npmjs.org/tunnel/-/tunnel-0.0.6.tgz",
      "integrity": "sha512-1h/Lnq9yajKY2PEbBadPXj3VxsDDu844OnaAo52UVmIzIvwwtBPIuNvkjuzBlTWpfJyUbG3ez0KSBibQkj4ojg=="
    },
    "typescript": {
      "version": "4.2.2",
      "resolved": "https://registry.npmjs.org/typescript/-/typescript-4.2.2.tgz",
      "integrity": "sha512-tbb+NVrLfnsJy3M59lsDgrzWIflR4d4TIUjz+heUnHZwdF7YsrMTKoRERiIvI2lvBG95dfpLxB21WZhys1bgaQ==",
      "dev": true
    },
    "universal-user-agent": {
      "version": "6.0.0",
      "resolved": "https://registry.npmjs.org/universal-user-agent/-/universal-user-agent-6.0.0.tgz",
      "integrity": "sha512-isyNax3wXoKaulPDZWHQqbmIx1k2tb9fb3GGDBRxCscfYV2Ch7WxPArBsFEG8s/safwXTT7H4QGhaIkTp9447w=="
    },
    "wrappy": {
      "version": "1.0.2",
      "resolved": "https://registry.npmjs.org/wrappy/-/wrappy-1.0.2.tgz",
      "integrity": "sha1-tSQ9jz7BqjXxNkYFvA0QNuMKtp8="
    }
  }
}
